
Microsoft Visual Studio Solution File, Format Version 12.00
# Visual Studio 2013
VisualStudioVersion = 12.0.31101.0
MinimumVisualStudioVersion = 10.0.40219.1
Project("{FAE04EC0-301F-11D3-BF4B-00C04F79EFBC}") = "Domain", "Domain\Domain.csproj", "{B5226305-7E91-4D39-9616-53378F42B0DB}"
EndProject
Project("{FAE04EC0-301F-11D3-BF4B-00C04F79EFBC}") = "Actors", "Actors\Actors.csproj", "{5C0BC6D0-910F-42C5-B0FF-A49C33B3BC19}"
EndProject
Project("{FAE04EC0-301F-11D3-BF4B-00C04F79EFBC}") = "Actor.Tests", "Actor.Tests\Actor.Tests.csproj", "{0229E6F0-EED8-4080-AC7D-3D6E066B2864}"
EndProject
Project("{FAE04EC0-301F-11D3-BF4B-00C04F79EFBC}") = "SampleWeb", "SampleWeb\SampleWeb.csproj", "{CCA4D784-1BBA-44C8-AD73-BB0C2E5CB4D7}"
EndProject
Global
	GlobalSection(SolutionConfigurationPlatforms) = preSolution
		Debug|Any CPU = Debug|Any CPU
		Release|Any CPU = Release|Any CPU
	EndGlobalSection
	GlobalSection(ProjectConfigurationPlatforms) = postSolution
		{B5226305-7E91-4D39-9616-53378F42B0DB}.Debug|Any CPU.ActiveCfg = Debug|Any CPU
		{B5226305-7E91-4D39-9616-53378F42B0DB}.Debug|Any CPU.Build.0 = Debug|Any CPU
		{B5226305-7E91-4D39-9616-53378F42B0DB}.Release|Any CPU.ActiveCfg = Release|Any CPU
		{B5226305-7E91-4D39-9616-53378F42B0DB}.Release|Any CPU.Build.0 = Release|Any CPU
		{5C0BC6D0-910F-42C5-B0FF-A49C33B3BC19}.Debug|Any CPU.ActiveCfg = Debug|Any CPU
		{5C0BC6D0-910F-42C5-B0FF-A49C33B3BC19}.Debug|Any CPU.Build.0 = Debug|Any CPU
		{5C0BC6D0-910F-42C5-B0FF-A49C33B3BC19}.Release|Any CPU.ActiveCfg = Release|Any CPU
		{5C0BC6D0-910F-42C5-B0FF-A49C33B3BC19}.Release|Any CPU.Build.0 = Release|Any CPU
		{0229E6F0-EED8-4080-AC7D-3D6E066B2864}.Debug|Any CPU.ActiveCfg = Debug|Any CPU
		{0229E6F0-EED8-4080-AC7D-3D6E066B2864}.Debug|Any CPU.Build.0 = Debug|Any CPU
		{0229E6F0-EED8-4080-AC7D-3D6E066B2864}.Release|Any CPU.ActiveCfg = Release|Any CPU
		{0229E6F0-EED8-4080-AC7D-3D6E066B2864}.Release|Any CPU.Build.0 = Release|Any CPU
		{CCA4D784-1BBA-44C8-AD73-BB0C2E5CB4D7}.Debug|Any CPU.ActiveCfg = Debug|Any CPU
		{CCA4D784-1BBA-44C8-AD73-BB0C2E5CB4D7}.Debug|Any CPU.Build.0 = Debug|Any CPU
		{CCA4D784-1BBA-44C8-AD73-BB0C2E5CB4D7}.Release|Any CPU.ActiveCfg = Release|Any CPU
		{CCA4D784-1BBA-44C8-AD73-BB0C2E5CB4D7}.Release|Any CPU.Build.0 = Release|Any CPU
	EndGlobalSection
	GlobalSection(SolutionProperties) = preSolution
		HideSolutionNode = FALSE
	EndGlobalSection
EndGlobal
